{
  "name": "newone",
  "lockfileVersion": 3,
  "requires": true,
  "packages": {
    "": {
      "dependencies": {
        "speakeasy": "^2.0.0",
        "swiper": "^11.0.5"
      }
    },
    "node_modules/base32.js": {
      "version": "0.0.1",
      "resolved": "https://registry.npmjs.org/base32.js/-/base32.js-0.0.1.tgz",
      "integrity": "sha512-EGHIRiegFa62/SsA1J+Xs2tIzludPdzM064N9wjbiEgHnGnJ1V0WEpA4pEwCYT5nDvZk3ubf0shqaCS7k6xeUQ=="
    },
    "node_modules/speakeasy": {
      "version": "2.0.0",
      "resolved": "https://registry.npmjs.org/speakeasy/-/speakeasy-2.0.0.tgz",
      "integrity": "sha512-lW2A2s5LKi8rwu77ewisuUOtlCydF/hmQSOJjpTqTj1gZLkNgTaYnyvfxy2WBr4T/h+9c4g8HIITfj83OkFQFw==",
      "dependencies": {
        "base32.js": "0.0.1"
      },
      "engines": {
        "node": ">= 0.10.0"
      }
    },
    "node_modules/swiper": {
      "version": "11.0.5",
      "resolved": "https://registry.npmjs.org/swiper/-/swiper-11.0.5.tgz",
      "integrity": "sha512-rhCwupqSyRnWrtNzWzemnBLMoyYuoDgGgspAm/8iBD3jCvAWycPLH4Z3TB0O5520DHLzMx94yUMH/B9Efpa48w==",
      "funding": [
        {
          "type": "patreon",
          "url": "https://www.patreon.com/swiperjs"
        },
        {
          "type": "open_collective",
          "url": "http://opencollective.com/swiper"
        }
      ],
      "engines": {
        "node": ">= 4.7.0"
      }
    }
  }
}
